
Microsoft Visual Studio Solution File, Format Version 12.00
# Visual Studio 15
VisualStudioVersion = 15.0.27428.2015
MinimumVisualStudioVersion = 10.0.40219.1
Project("{FAE04EC0-301F-11D3-BF4B-00C04F79EFBC}") = "OneWayTwoWayBinding", "OneWayTwoWayBinding\OneWayTwoWayBinding.csproj", "{69887A4B-FB97-42EF-B76B-876CE945CCBB}"
EndProject
Global
	GlobalSection(SolutionConfigurationPlatforms) = preSolution
		Debug|Any CPU = Debug|Any CPU
		Release|Any CPU = Release|Any CPU
	EndGlobalSection
	GlobalSection(ProjectConfigurationPlatforms) = postSolution
		{69887A4B-FB97-42EF-B76B-876CE945CCBB}.Debug|Any CPU.ActiveCfg = Debug|Any CPU
		{69887A4B-FB97-42EF-B76B-876CE945CCBB}.Debug|Any CPU.Build.0 = Debug|Any CPU
		{69887A4B-FB97-42EF-B76B-876CE945CCBB}.Release|Any CPU.ActiveCfg = Release|Any CPU
		{69887A4B-FB97-42EF-B76B-876CE945CCBB}.Release|Any CPU.Build.0 = Release|Any CPU
	EndGlobalSection
	GlobalSection(SolutionProperties) = preSolution
		HideSolutionNode = FALSE
	EndGlobalSection
	GlobalSection(ExtensibilityGlobals) = postSolution
		SolutionGuid = {42BD8149-65CC-4EA8-8E62-248AC136E38C}
	EndGlobalSection
EndGlobal
